// !$*UTF8*$!
{
	archiveVersion = 1;
	classes = {
	};
	objectVersion = 46;
	objects = {

/* Begin PBXBuildFile section */
		FB5D33691D1C382200C26B4A /* AppDelegate.m in Sources */ = {isa = PBXBuildFile; fileRef = FB5D33631D1C382200C26B4A /* AppDelegate.m */; };
		FB5D336A1D1C382200C26B4A /* Assets.xcassets in Resources */ = {isa = PBXBuildFile; fileRef = FB5D33641D1C382200C26B4A /* Assets.xcassets */; };
		FB5D336B1D1C382200C26B4A /* LaunchScreen.storyboard in Resources */ = {isa = PBXBuildFile; fileRef = FB5D33651D1C382200C26B4A /* LaunchScreen.storyboard */; };
		FB5D336C1D1C382200C26B4A /* Info.plist in Resources */ = {isa = PBXBuildFile; fileRef = FB5D33671D1C382200C26B4A /* Info.plist */; };
		FB5D336D1D1C382200C26B4A /* main.m in Sources */ = {isa = PBXBuildFile; fileRef = FB5D33681D1C382200C26B4A /* main.m */; };
		FB5D33771D1C385A00C26B4A /* RootViewController.m in Sources */ = {isa = PBXBuildFile; fileRef = FB5D33751D1C385A00C26B4A /* RootViewController.m */; };
		FB5D337F1D1C38A000C26B4A /* ACDDropdownMenu.m in Sources */ = {isa = PBXBuildFile; fileRef = FB5D337E1D1C38A000C26B4A /* ACDDropdownMenu.m */; };
/* End PBXBuildFile section */

/* Begin PBXFileReference section */
		FB5D33461D1C372D00C26B4A /* ACDDropdownMenu.app */ = {isa = PBXFileReference; explicitFileType = wrapper.application; includeInIndex = 0; path = ACDDropdownMenu.app; sourceTree = BUILT_PRODUCTS_DIR; };
		FB5D33621D1C382200C26B4A /* AppDelegate.h */ = {isa = PBXFileReference; fileEncoding = 4; lastKnownFileType = sourcecode.c.h; path = AppDelegate.h; sourceTree = "<group>"; };
		FB5D33631D1C382200C26B4A /* AppDelegate.m */ = {isa = PBXFileReference; fileEncoding = 4; lastKnownFileType = sourcecode.c.objc; path = AppDelegate.m; sourceTree = "<group>"; };
		FB5D33641D1C382200C26B4A /* Assets.xcassets */ = {isa = PBXFileReference; lastKnownFileType = folder.assetcatalog; path = Assets.xcassets; sourceTree = "<group>"; };
		FB5D33661D1C382200C26B4A /* Base */ = {isa = PBXFileReference; lastKnownFileType = file.storyboard; name = Base; path = Base.lproj/LaunchScreen.storyboard; sourceTree = "<group>"; };
		FB5D33671D1C382200C26B4A /* Info.plist */ = {isa = PBXFileReference; fileEncoding = 4; lastKnownFileType = text.plist.xml; path = Info.plist; sourceTree = "<group>"; };
		FB5D33681D1C382200C26B4A /* main.m */ = {isa = PBXFileReference; fileEncoding = 4; lastKnownFileType = sourcecode.c.objc; path = main.m; sourceTree = "<group>"; };
		FB5D33741D1C385A00C26B4A /* RootViewController.h */ = {isa = PBXFileReference; fileEncoding = 4; lastKnownFileType = sourcecode.c.h; path = RootViewController.h; sourceTree = "<group>"; };
		FB5D33751D1C385A00C26B4A /* RootViewController.m */ = {isa = PBXFileReference; fileEncoding = 4; lastKnownFileType = sourcecode.c.objc; path = RootViewController.m; sourceTree = "<group>"; };
		FB5D337D1D1C38A000C26B4A /* ACDDropdownMenu.h */ = {isa = PBXFileReference; fileEncoding = 4; lastKnownFileType = sourcecode.c.h; path = ACDDropdownMenu.h; sourceTree = "<group>"; };
		FB5D337E1D1C38A000C26B4A /* ACDDropdownMenu.m */ = {isa = PBXFileReference; fileEncoding = 4; lastKnownFileType = sourcecode.c.objc; path = ACDDropdownMenu.m; sourceTree = "<group>"; };
/* End PBXFileReference section */

/* Begin PBXFrameworksBuildPhase section */
		FB5D33431D1C372D00C26B4A /* Frameworks */ = {
			isa = PBXFrameworksBuildPhase;
			buildActionMask = 2147483647;
			files = (
			);
			runOnlyForDeploymentPostprocessing = 0;
		};
/* End PBXFrameworksBuildPhase section */

/* Begin PBXGroup section */
		FB5D333D1D1C372D00C26B4A = {
			isa = PBXGroup;
			children = (
				FB5D33601D1C382200C26B4A /* Controllers */,
				FB5D33611D1C382200C26B4A /* Supporting Files */,
				FB5D33471D1C372D00C26B4A /* Products */,
			);
			sourceTree = "<group>";
		};
		FB5D33471D1C372D00C26B4A /* Products */ = {
			isa = PBXGroup;
			children = (
				FB5D33461D1C372D00C26B4A /* ACDDropdownMenu.app */,
			);
			name = Products;
			sourceTree = "<group>";
		};
		FB5D33601D1C382200C26B4A /* Controllers */ = {
			isa = PBXGroup;
			children = (
				FB5D33731D1C385A00C26B4A /* RootViewController */,
				FB5D337C1D1C38A000C26B4A /* ACDDropdownMenu */,
			);
			name = Controllers;
			path = ACDDropdownMenu/Controllers;
			sourceTree = "<group>";
		};
		FB5D33611D1C382200C26B4A /* Supporting Files */ = {
			isa = PBXGroup;
			children = (
				FB5D33621D1C382200C26B4A /* AppDelegate.h */,
				FB5D33631D1C382200C26B4A /* AppDelegate.m */,
				FB5D33641D1C382200C26B4A /* Assets.xcassets */,
				FB5D33651D1C382200C26B4A /* LaunchScreen.storyboard */,
				FB5D33671D1C382200C26B4A /* Info.plist */,
				FB5D33681D1C382200C26B4A /* main.m */,
			);
			name = "Supporting Files";
			path = "ACDDropdownMenu/Supporting Files";
			sourceTree = "<group>";
		};
		FB5D33731D1C385A00C26B4A /* RootViewController */ = {
			isa = PBXGroup;
			children = (
				FB5D33741D1C385A00C26B4A /* RootViewController.h */,
				FB5D33751D1C385A00C26B4A /* RootViewController.m */,
			);
			path = RootViewController;
			sourceTree = "<group>";
		};
		FB5D337C1D1C38A000C26B4A /* ACDDropdownMenu */ = {
			isa = PBXGroup;
			children = (
				FB5D337D1D1C38A000C26B4A /* ACDDropdownMenu.h */,
				FB5D337E1D1C38A000C26B4A /* ACDDropdownMenu.m */,
			);
			path = ACDDropdownMenu;
			sourceTree = "<group>";
		};
/* End PBXGroup section */

/* Begin PBXNativeTarget section */
		FB5D33451D1C372D00C26B4A /* ACDDropdownMenu */ = {
			isa = PBXNativeTarget;
			buildConfigurationList = FB5D335D1D1C372D00C26B4A /* Build configuration list for PBXNativeTarget "ACDDropdownMenu" */;
			buildPhases = (
				FB5D33421D1C372D00C26B4A /* Sources */,
				FB5D33431D1C372D00C26B4A /* Frameworks */,
				FB5D33441D1C372D00C26B4A /* Resources */,
			);
			buildRules = (
			);
			dependencies = (
			);
			name = ACDDropdownMenu;
			productName = ACDDropdownMenu;
			productReference = FB5D33461D1C372D00C26B4A /* ACDDropdownMenu.app */;
			productType = "com.apple.product-type.application";
		};
/* End PBXNativeTarget section */

/* Begin PBXProject section */
		FB5D333E1D1C372D00C26B4A /* Project object */ = {
			isa = PBXProject;
			attributes = {
				LastUpgradeCheck = 0730;
				ORGANIZATIONNAME = nolol;
				TargetAttributes = {
					FB5D33451D1C372D00C26B4A = {
						CreatedOnToolsVersion = 7.3.1;
					};
				};
			};
			buildConfigurationList = FB5D33411D1C372D00C26B4A /* Build configuration list for PBXProject "ACDDropdownMenu" */;
			compatibilityVersion = "Xcode 3.2";
			developmentRegion = English;
			hasScannedForEncodings = 0;
			knownRegions = (
				en,
				Base,
			);
			mainGroup = FB5D333D1D1C372D00C26B4A;
			productRefGroup = FB5D33471D1C372D00C26B4A /* Products */;
			projectDirPath = "";
			projectRoot = "";
			targets = (
				FB5D33451D1C372D00C26B4A /* ACDDropdownMenu */,
			);
		};
/* End PBXProject section */

/* Begin PBXResourcesBuildPhase section */
		FB5D33441D1C372D00C26B4A /* Resources */ = {
			isa = PBXResourcesBuildPhase;
			buildActionMask = 2147483647;
			files = (
				FB5D336A1D1C382200C26B4A /* Assets.xcassets in Resources */,
				FB5D336B1D1C382200C26B4A /* LaunchScreen.storyboard in Resources */,
				FB5D336C1D1C382200C26B4A /* Info.plist in Resources */,
			);
			runOnlyForDeploymentPostprocessing = 0;
		};
/* End PBXResourcesBuildPhase section */

/* Begin PBXSourcesBuildPhase section */
		FB5D33421D1C372D00C26B4A /* Sources */ = {
			isa = PBXSourcesBuildPhase;
			buildActionMask = 2147483647;
			files = (
				FB5D336D1D1C382200C26B4A /* main.m in Sources */,
				FB5D33691D1C382200C26B4A /* AppDelegate.m in Sources */,
				FB5D337F1D1C38A000C26B4A /* ACDDropdownMenu.m in Sources */,
				FB5D33771D1C385A00C26B4A /* RootViewController.m in Sources */,
			);
			runOnlyForDeploymentPostprocessing = 0;
		};
/* End PBXSourcesBuildPhase section */

/* Begin PBXVariantGroup section */
		FB5D33651D1C382200C26B4A /* LaunchScreen.storyboard */ = {
			isa = PBXVariantGroup;
			children = (
				FB5D33661D1C382200C26B4A /* Base */,
			);
			name = LaunchScreen.storyboard;
			sourceTree = "<group>";
		};
/* End PBXVariantGroup section */

/* Begin XCBuildConfiguration section */
		FB5D335B1D1C372D00C26B4A /* Debug */ = {
			isa = XCBuildConfiguration;
			buildSettings = {
				ALWAYS_SEARCH_USER_PATHS = NO;
				CLANG_ANALYZER_NONNULL = YES;
				CLANG_CXX_LANGUAGE_STANDARD = "gnu++0x";
				CLANG_CXX_LIBRARY = "libc++";
				CLANG_ENABLE_MODULES = YES;
				CLANG_ENABLE_OBJC_ARC = YES;
				CLANG_WARN_BOOL_CONVERSION = YES;
				CLANG_WARN_CONSTANT_CONVERSION = YES;
				CLANG_WARN_DIRECT_OBJC_ISA_USAGE = YES_ERROR;
				CLANG_WARN_EMPTY_BODY = YES;
				CLANG_WARN_ENUM_CONVERSION = YES;
				CLANG_WARN_INT_CONVERSION = YES;
				CLANG_WARN_OBJC_ROOT_CLASS = YES_ERROR;
				CLANG_WARN_UNREACHABLE_CODE = YES;
				CLANG_WARN__DUPLICATE_METHOD_MATCH = YES;
				"CODE_SIGN_IDENTITY[sdk=iphoneos*]" = "iPhone Developer";
				COPY_PHASE_STRIP = NO;
				DEBUG_INFORMATION_FORMAT = dwarf;
				ENABLE_STRICT_OBJC_MSGSEND = YES;
				ENABLE_TESTABILITY = YES;
				GCC_C_LANGUAGE_STANDARD = gnu99;
				GCC_DYNAMIC_NO_PIC = NO;
				GCC_NO_COMMON_BLOCKS = YES;
				GCC_OPTIMIZATION_LEVEL = 0;
				GCC_PREPROCESSOR_DEFINITIONS = (
					"DEBUG=1",
					"$(inherited)",
				);
				GCC_WARN_64_TO_32_BIT_CONVERSION = YES;
				GCC_WARN_ABOUT_RETURN_TYPE = YES_ERROR;
				GCC_WARN_UNDECLARED_SELECTOR = YES;
				GCC_WARN_UNINITIALIZED_AUTOS = YES_AGGRESSIVE;
				GCC_WARN_UNUSED_FUNCTION = YES;
				GCC_WARN_UNUSED_VARIABLE = YES;
				IPHONEOS_DEPLOYMENT_TARGET = 9.3;
				MTL_ENABLE_DEBUG_INFO = YES;
				ONLY_ACTIVE_ARCH = YES;
				SDKROOT = iphoneos;
				TARGETED_DEVICE_FAMILY = "1,2";
			};
			name = Debug;
		};
		FB5D335C1D1C372D00C26B4A /* Release */ = {
			isa = XCBuildConfiguration;
			buildSettings = {
				ALWAYS_SEARCH_USER_PATHS = NO;
				CLANG_ANALYZER_NONNULL = YES;
				CLANG_CXX_LANGUAGE_STANDARD = "gnu++0x";
				CLANG_CXX_LIBRARY = "libc++";
				CLANG_ENABLE_MODULES = YES;
				CLANG_ENABLE_OBJC_ARC = YES;
				CLANG_WARN_BOOL_CONVERSION = YES;
				CLANG_WARN_CONSTANT_CONVERSION = YES;
				CLANG_WARN_DIRECT_OBJC_ISA_USAGE = YES_ERROR;
				CLANG_WARN_EMPTY_BODY = YES;
				CLANG_WARN_ENUM_CONVERSION = YES;
				CLANG_WARN_INT_CONVERSION = YES;
				CLANG_WARN_OBJC_ROOT_CLASS = YES_ERROR;
				CLANG_WARN_UNREACHABLE_CODE = YES;
				CLANG_WARN__DUPLICATE_METHOD_MATCH = YES;
				"CODE_SIGN_IDENTITY[sdk=iphoneos*]" = "iPhone Developer";
				COPY_PHASE_STRIP = NO;
				DEBUG_INFORMATION_FORMAT = "dwarf-with-dsym";
				ENABLE_NS_ASSERTIONS = NO;
				ENABLE_STRICT_OBJC_MSGSEND = YES;
				GCC_C_LANGUAGE_STANDARD = gnu99;
				GCC_NO_COMMON_BLOCKS = YES;
				GCC_WARN_64_TO_32_BIT_CONVERSION = YES;
				GCC_WARN_ABOUT_RETURN_TYPE = YES_ERROR;
				GCC_WARN_UNDECLARED_SELECTOR = YES;
				GCC_WARN_UNINITIALIZED_AUTOS = YES_AGGRESSIVE;
				GCC_WARN_UNUSED_FUNCTION = YES;
				GCC_WARN_UNUSED_VARIABLE = YES;
				IPHONEOS_DEPLOYMENT_TARGET = 9.3;
				MTL_ENABLE_DEBUG_INFO = NO;
				SDKROOT = iphoneos;
				TARGETED_DEVICE_FAMILY = "1,2";
				VALIDATE_PRODUCT = YES;
			};
			name = Release;
		};
		FB5D335E1D1C372D00C26B4A /* Debug */ = {
			isa = XCBuildConfiguration;
			buildSettings = {
				ASSETCATALOG_COMPILER_APPICON_NAME = AppIcon;
				CODE_SIGN_IDENTITY = "iPhone Developer";
				INFOPLIST_FILE = "$(SRCROOT)/ACDDropdownMenu/Supporting Files/Info.plist";
				LD_RUNPATH_SEARCH_PATHS = "$(inherited) @executable_path/Frameworks";
				PRODUCT_BUNDLE_IDENTIFIER = com.nolol.ACDDropdownMenu;
				PRODUCT_NAME = "$(TARGET_NAME)";
			};
			name = Debug;
		};
		FB5D335F1D1C372D00C26B4A /* Release */ = {
			isa = XCBuildConfiguration;
			buildSettings = {
				ASSETCATALOG_COMPILER_APPICON_NAME = AppIcon;
				CODE_SIGN_IDENTITY = "iPhone Developer";
				INFOPLIST_FILE = "$(SRCROOT)/ACDDropdownMenu/Supporting Files/Info.plist";
				LD_RUNPATH_SEARCH_PATHS = "$(inherited) @executable_path/Frameworks";
				PRODUCT_BUNDLE_IDENTIFIER = com.nolol.ACDDropdownMenu;
				PRODUCT_NAME = "$(TARGET_NAME)";
			};
			name = Release;
		};
/* End XCBuildConfiguration section */

/* Begin XCConfigurationList section */
		FB5D33411D1C372D00C26B4A /* Build configuration list for PBXProject "ACDDropdownMenu" */ = {
			isa = XCConfigurationList;
			buildConfigurations = (
				FB5D335B1D1C372D00C26B4A /* Debug */,
				FB5D335C1D1C372D00C26B4A /* Release */,
			);
			defaultConfigurationIsVisible = 0;
			defaultConfigurationName = Release;
		};
		FB5D335D1D1C372D00C26B4A /* Build configuration list for PBXNativeTarget "ACDDropdownMenu" */ = {
			isa = XCConfigurationList;
			buildConfigurations = (
				FB5D335E1D1C372D00C26B4A /* Debug */,
				FB5D335F1D1C372D00C26B4A /* Release */,
			);
			defaultConfigurationIsVisible = 0;
			defaultConfigurationName = Release;
		};
/* End XCConfigurationList section */
	};
	rootObject = FB5D333E1D1C372D00C26B4A /* Project object */;
}
